
Microsoft Visual Studio Solution File, Format Version 11.00
# Visual Studio 2010
Project("{2150E333-8FDC-42A3-9474-1A3956D46DE8}") = "Implement", "Implement", "{942DBEE7-0E20-48CE-8B7E-5975D425813B}"
EndProject
Project("{2150E333-8FDC-42A3-9474-1A3956D46DE8}") = "Interface", "Interface", "{A034FE4B-F280-4572-8ED1-77843DE8BD27}"
EndProject
Project("{2150E333-8FDC-42A3-9474-1A3956D46DE8}") = "Model", "Model", "{CF28AAA7-3156-4F3E-89D5-500DD6ADA06B}"
EndProject
Project("{2150E333-8FDC-42A3-9474-1A3956D46DE8}") = "Test", "Test", "{16356811-0F37-4234-8BF0-2C37D48721F8}"
EndProject
Project("{2150E333-8FDC-42A3-9474-1A3956D46DE8}") = "UI", "UI", "{14A1EF1F-7193-4154-AF7D-F27C100E7460}"
EndProject
Project("{FAE04EC0-301F-11D3-BF4B-00C04F79EFBC}") = "Jinher.AMP.BTP.BE", "Implement\Jinher.AMP.BTP.BE\Jinher.AMP.BTP.BE.csproj", "{EDF3387C-EF7F-4A8A-BA24-AD7F919E7882}"
	ProjectSection(ProjectDependencies) = postProject
		{4D40B31E-3239-4671-8017-9CDA7E98C227} = {4D40B31E-3239-4671-8017-9CDA7E98C227}
	EndProjectSection
EndProject
Project("{FAE04EC0-301F-11D3-BF4B-00C04F79EFBC}") = "Jinher.AMP.BTP.BP", "Implement\Jinher.AMP.BTP.BP\Jinher.AMP.BTP.BP.csproj", "{C86BB86A-7267-4607-BD93-94A2AC6CE1B5}"
	ProjectSection(ProjectDependencies) = postProject
		{4D40B31E-3239-4671-8017-9CDA7E98C227} = {4D40B31E-3239-4671-8017-9CDA7E98C227}
	EndProjectSection
EndProject
Project("{FAE04EC0-301F-11D3-BF4B-00C04F79EFBC}") = "Jinher.AMP.BTP.Common", "Implement\Jinher.AMP.BTP.Common\Jinher.AMP.BTP.Common.csproj", "{4D40B31E-3239-4671-8017-9CDA7E98C227}"
EndProject
Project("{FAE04EC0-301F-11D3-BF4B-00C04F79EFBC}") = "Jinher.AMP.BTP.Job", "Implement\Jinher.AMP.BTP.Job\Jinher.AMP.BTP.Job.csproj", "{75CB5CA3-58C1-4066-81F2-50BC32925670}"
	ProjectSection(ProjectDependencies) = postProject
		{4D40B31E-3239-4671-8017-9CDA7E98C227} = {4D40B31E-3239-4671-8017-9CDA7E98C227}
	EndProjectSection
EndProject
Project("{FAE04EC0-301F-11D3-BF4B-00C04F79EFBC}") = "Jinher.AMP.BTP.Subscribe", "Implement\Jinher.AMP.BTP.Subscribe\Jinher.AMP.BTP.Subscribe.csproj", "{85DC8A9F-C686-40B4-AB33-A8A3A1F4976D}"
	ProjectSection(ProjectDependencies) = postProject
		{2DCAB1F9-D0AB-444F-8CEE-25712DC9ACCC} = {2DCAB1F9-D0AB-444F-8CEE-25712DC9ACCC}
	EndProjectSection
EndProject
Project("{FAE04EC0-301F-11D3-BF4B-00C04F79EFBC}") = "Jinher.AMP.BTP.SV", "Implement\Jinher.AMP.BTP.SV\Jinher.AMP.BTP.SV.csproj", "{75384AC5-EFD4-4CAE-9969-A11A660C9C3A}"
	ProjectSection(ProjectDependencies) = postProject
		{4D40B31E-3239-4671-8017-9CDA7E98C227} = {4D40B31E-3239-4671-8017-9CDA7E98C227}
	EndProjectSection
EndProject
Project("{FAE04EC0-301F-11D3-BF4B-00C04F79EFBC}") = "Jinher.AMP.BTP.TPS", "Implement\Jinher.AMP.BTP.TPS\Jinher.AMP.BTP.TPS.csproj", "{20EACC61-173D-4D4D-A6BB-EA7F5C631AD7}"
	ProjectSection(ProjectDependencies) = postProject
		{4D40B31E-3239-4671-8017-9CDA7E98C227} = {4D40B31E-3239-4671-8017-9CDA7E98C227}
	EndProjectSection
EndProject
Project("{FAE04EC0-301F-11D3-BF4B-00C04F79EFBC}") = "Jinher.AMP.BTP.Deploy", "Interface\Jinher.AMP.BTP.Deploy\Jinher.AMP.BTP.Deploy.csproj", "{77DC4033-3DB5-4A90-B490-A6180CC64E44}"
EndProject
Project("{FAE04EC0-301F-11D3-BF4B-00C04F79EFBC}") = "Jinher.AMP.BTP.IBP", "Interface\Jinher.AMP.BTP.IBP\Jinher.AMP.BTP.IBP.csproj", "{AE8ED766-27DA-4992-8F96-ADF20AEF932E}"
EndProject
Project("{FAE04EC0-301F-11D3-BF4B-00C04F79EFBC}") = "Jinher.AMP.BTP.ISV", "Interface\Jinher.AMP.BTP.ISV\Jinher.AMP.BTP.ISV.csproj", "{2DCAB1F9-D0AB-444F-8CEE-25712DC9ACCC}"
EndProject
Project("{FAE04EC0-301F-11D3-BF4B-00C04F79EFBC}") = "Jinher.AMP.BTP.EDMX", "Model\Jinher.AMP.BTP.EDMX\Jinher.AMP.BTP.EDMX.csproj", "{8636DFFC-CDE2-4F52-9C86-1BDF55493283}"
EndProject
Project("{FAE04EC0-301F-11D3-BF4B-00C04F79EFBC}") = "Jinher.AMP.BTP.UI", "UI\Jinher.AMP.BTP.UI\Jinher.AMP.BTP.UI.csproj", "{51F21956-14AE-4ABE-AED0-326A1DED55F0}"
	ProjectSection(ProjectDependencies) = postProject
		{8636DFFC-CDE2-4F52-9C86-1BDF55493283} = {8636DFFC-CDE2-4F52-9C86-1BDF55493283}
	EndProjectSection
EndProject
Project("{FAE04EC0-301F-11D3-BF4B-00C04F79EFBC}") = "Jinher.AMP.BTP.BP.Test", "Test\Jinher.AMP.BTP.BP.Test\Jinher.AMP.BTP.BP.Test.csproj", "{A67C2E42-BC1D-44D2-8600-21F37434D6B7}"
EndProject
Project("{FAE04EC0-301F-11D3-BF4B-00C04F79EFBC}") = "Jinher.AMP.BTP.SV.Test", "Test\Jinher.AMP.BTP.SV.Test\Jinher.AMP.BTP.SV.Test.csproj", "{BB3F6552-5CA5-405B-BEC2-EACA7AF7A33D}"
EndProject
Project("{F088123C-0E9E-452A-89E6-6BA2F21D5CAC}") = "Jinher.AMP.BTP.UML", "Model\Jinher.AMP.BTP.UML\Jinher.AMP.BTP.UML.modelproj", "{A764E4AE-7507-43AB-9C84-3CA599889CA6}"
EndProject
Global
	GlobalSection(TeamFoundationVersionControl) = preSolution
		SccNumberOfProjects = 16
		SccEnterpriseProvider = {4CA58AB2-18FA-4F8D-95D4-32DDF27D184C}
		SccTeamFoundationServer = http://192.168.10.19:8080/tfs/g3
		SccLocalPath0 = .
		SccProjectUniqueName1 = Implement\\Jinher.AMP.BTP.BE\\Jinher.AMP.BTP.BE.csproj
		SccProjectTopLevelParentUniqueName1 = BTP.sln
		SccProjectName1 = Implement/Jinher.AMP.BTP.BE
		SccLocalPath1 = Implement\\Jinher.AMP.BTP.BE
		SccProjectUniqueName2 = Implement\\Jinher.AMP.BTP.BP\\Jinher.AMP.BTP.BP.csproj
		SccProjectTopLevelParentUniqueName2 = BTP.sln
		SccProjectName2 = Implement/Jinher.AMP.BTP.BP
		SccLocalPath2 = Implement\\Jinher.AMP.BTP.BP
		SccProjectUniqueName3 = Implement\\Jinher.AMP.BTP.Common\\Jinher.AMP.BTP.Common.csproj
		SccProjectTopLevelParentUniqueName3 = BTP.sln
		SccProjectName3 = Implement/Jinher.AMP.BTP.Common
		SccLocalPath3 = Implement\\Jinher.AMP.BTP.Common
		SccProjectUniqueName4 = Implement\\Jinher.AMP.BTP.Job\\Jinher.AMP.BTP.Job.csproj
		SccProjectTopLevelParentUniqueName4 = BTP.sln
		SccProjectName4 = Implement/Jinher.AMP.BTP.Job
		SccLocalPath4 = Implement\\Jinher.AMP.BTP.Job
		SccProjectUniqueName5 = Implement\\Jinher.AMP.BTP.Subscribe\\Jinher.AMP.BTP.Subscribe.csproj
		SccProjectTopLevelParentUniqueName5 = BTP.sln
		SccProjectName5 = Implement/Jinher.AMP.BTP.Subscribe
		SccLocalPath5 = Implement\\Jinher.AMP.BTP.Subscribe
		SccProjectUniqueName6 = Implement\\Jinher.AMP.BTP.SV\\Jinher.AMP.BTP.SV.csproj
		SccProjectTopLevelParentUniqueName6 = BTP.sln
		SccProjectName6 = Implement/Jinher.AMP.BTP.SV
		SccLocalPath6 = Implement\\Jinher.AMP.BTP.SV
		SccProjectUniqueName7 = Implement\\Jinher.AMP.BTP.TPS\\Jinher.AMP.BTP.TPS.csproj
		SccProjectTopLevelParentUniqueName7 = BTP.sln
		SccProjectName7 = Implement/Jinher.AMP.BTP.TPS
		SccLocalPath7 = Implement\\Jinher.AMP.BTP.TPS
		SccProjectUniqueName8 = Interface\\Jinher.AMP.BTP.Deploy\\Jinher.AMP.BTP.Deploy.csproj
		SccProjectTopLevelParentUniqueName8 = BTP.sln
		SccProjectName8 = Interface/Jinher.AMP.BTP.Deploy
		SccLocalPath8 = Interface\\Jinher.AMP.BTP.Deploy
		SccProjectUniqueName9 = Interface\\Jinher.AMP.BTP.IBP\\Jinher.AMP.BTP.IBP.csproj
		SccProjectTopLevelParentUniqueName9 = BTP.sln
		SccProjectName9 = Interface/Jinher.AMP.BTP.IBP
		SccLocalPath9 = Interface\\Jinher.AMP.BTP.IBP
		SccProjectUniqueName10 = Interface\\Jinher.AMP.BTP.ISV\\Jinher.AMP.BTP.ISV.csproj
		SccProjectTopLevelParentUniqueName10 = BTP.sln
		SccProjectName10 = Interface/Jinher.AMP.BTP.ISV
		SccLocalPath10 = Interface\\Jinher.AMP.BTP.ISV
		SccProjectUniqueName11 = Model\\Jinher.AMP.BTP.EDMX\\Jinher.AMP.BTP.EDMX.csproj
		SccProjectTopLevelParentUniqueName11 = BTP.sln
		SccProjectName11 = Model/Jinher.AMP.BTP.EDMX
		SccLocalPath11 = Model\\Jinher.AMP.BTP.EDMX
		SccProjectUniqueName12 = UI\\Jinher.AMP.BTP.UI\\Jinher.AMP.BTP.UI.csproj
		SccProjectTopLevelParentUniqueName12 = BTP.sln
		SccProjectName12 = UI/Jinher.AMP.BTP.UI
		SccLocalPath12 = UI\\Jinher.AMP.BTP.UI
		SccProjectUniqueName13 = Test\\Jinher.AMP.BTP.BP.Test\\Jinher.AMP.BTP.BP.Test.csproj
		SccProjectTopLevelParentUniqueName13 = BTP.sln
		SccProjectName13 = Test/Jinher.AMP.BTP.BP.Test
		SccLocalPath13 = Test\\Jinher.AMP.BTP.BP.Test
		SccProjectUniqueName14 = Test\\Jinher.AMP.BTP.SV.Test\\Jinher.AMP.BTP.SV.Test.csproj
		SccProjectTopLevelParentUniqueName14 = BTP.sln
		SccProjectName14 = Test/Jinher.AMP.BTP.SV.Test
		SccLocalPath14 = Test\\Jinher.AMP.BTP.SV.Test
		SccProjectUniqueName15 = Model\\Jinher.AMP.BTP.UML\\Jinher.AMP.BTP.UML.modelproj
		SccProjectTopLevelParentUniqueName15 = BTP.sln
		SccProjectName15 = Model/Jinher.AMP.BTP.UML
		SccLocalPath15 = Model\\Jinher.AMP.BTP.UML
	EndGlobalSection
	GlobalSection(SolutionConfigurationPlatforms) = preSolution
		Debug|Any CPU = Debug|Any CPU
		Debug|Mixed Platforms = Debug|Mixed Platforms
		Debug|x86 = Debug|x86
		Release|Any CPU = Release|Any CPU
		Release|Mixed Platforms = Release|Mixed Platforms
		Release|x86 = Release|x86
	EndGlobalSection
	GlobalSection(ProjectConfigurationPlatforms) = postSolution
		{EDF3387C-EF7F-4A8A-BA24-AD7F919E7882}.Debug|Any CPU.ActiveCfg = Debug|Any CPU
		{EDF3387C-EF7F-4A8A-BA24-AD7F919E7882}.Debug|Any CPU.Build.0 = Debug|Any CPU
		{EDF3387C-EF7F-4A8A-BA24-AD7F919E7882}.Debug|Mixed Platforms.ActiveCfg = Debug|Any CPU
		{EDF3387C-EF7F-4A8A-BA24-AD7F919E7882}.Debug|Mixed Platforms.Build.0 = Debug|Any CPU
		{EDF3387C-EF7F-4A8A-BA24-AD7F919E7882}.Debug|x86.ActiveCfg = Debug|Any CPU
		{EDF3387C-EF7F-4A8A-BA24-AD7F919E7882}.Release|Any CPU.ActiveCfg = Release|Any CPU
		{EDF3387C-EF7F-4A8A-BA24-AD7F919E7882}.Release|Any CPU.Build.0 = Release|Any CPU
		{EDF3387C-EF7F-4A8A-BA24-AD7F919E7882}.Release|Mixed Platforms.ActiveCfg = Release|Any CPU
		{EDF3387C-EF7F-4A8A-BA24-AD7F919E7882}.Release|Mixed Platforms.Build.0 = Release|Any CPU
		{EDF3387C-EF7F-4A8A-BA24-AD7F919E7882}.Release|x86.ActiveCfg = Release|Any CPU
		{C86BB86A-7267-4607-BD93-94A2AC6CE1B5}.Debug|Any CPU.ActiveCfg = Debug|Any CPU
		{C86BB86A-7267-4607-BD93-94A2AC6CE1B5}.Debug|Any CPU.Build.0 = Debug|Any CPU
		{C86BB86A-7267-4607-BD93-94A2AC6CE1B5}.Debug|Mixed Platforms.ActiveCfg = Debug|Any CPU
		{C86BB86A-7267-4607-BD93-94A2AC6CE1B5}.Debug|Mixed Platforms.Build.0 = Debug|Any CPU
		{C86BB86A-7267-4607-BD93-94A2AC6CE1B5}.Debug|x86.ActiveCfg = Debug|Any CPU
		{C86BB86A-7267-4607-BD93-94A2AC6CE1B5}.Release|Any CPU.ActiveCfg = Release|Any CPU
		{C86BB86A-7267-4607-BD93-94A2AC6CE1B5}.Release|Any CPU.Build.0 = Release|Any CPU
		{C86BB86A-7267-4607-BD93-94A2AC6CE1B5}.Release|Mixed Platforms.ActiveCfg = Release|Any CPU
		{C86BB86A-7267-4607-BD93-94A2AC6CE1B5}.Release|Mixed Platforms.Build.0 = Release|Any CPU
		{C86BB86A-7267-4607-BD93-94A2AC6CE1B5}.Release|x86.ActiveCfg = Release|Any CPU
		{4D40B31E-3239-4671-8017-9CDA7E98C227}.Debug|Any CPU.ActiveCfg = Debug|Any CPU
		{4D40B31E-3239-4671-8017-9CDA7E98C227}.Debug|Any CPU.Build.0 = Debug|Any CPU
		{4D40B31E-3239-4671-8017-9CDA7E98C227}.Debug|Mixed Platforms.ActiveCfg = Debug|Any CPU
		{4D40B31E-3239-4671-8017-9CDA7E98C227}.Debug|Mixed Platforms.Build.0 = Debug|Any CPU
		{4D40B31E-3239-4671-8017-9CDA7E98C227}.Debug|x86.ActiveCfg = Debug|Any CPU
		{4D40B31E-3239-4671-8017-9CDA7E98C227}.Release|Any CPU.ActiveCfg = Release|Any CPU
		{4D40B31E-3239-4671-8017-9CDA7E98C227}.Release|Any CPU.Build.0 = Release|Any CPU
		{4D40B31E-3239-4671-8017-9CDA7E98C227}.Release|Mixed Platforms.ActiveCfg = Release|Any CPU
		{4D40B31E-3239-4671-8017-9CDA7E98C227}.Release|Mixed Platforms.Build.0 = Release|Any CPU
		{4D40B31E-3239-4671-8017-9CDA7E98C227}.Release|x86.ActiveCfg = Release|Any CPU
		{75CB5CA3-58C1-4066-81F2-50BC32925670}.Debug|Any CPU.ActiveCfg = Debug|Any CPU
		{75CB5CA3-58C1-4066-81F2-50BC32925670}.Debug|Any CPU.Build.0 = Debug|Any CPU
		{75CB5CA3-58C1-4066-81F2-50BC32925670}.Debug|Mixed Platforms.ActiveCfg = Debug|Any CPU
		{75CB5CA3-58C1-4066-81F2-50BC32925670}.Debug|Mixed Platforms.Build.0 = Debug|Any CPU
		{75CB5CA3-58C1-4066-81F2-50BC32925670}.Debug|x86.ActiveCfg = Debug|Any CPU
		{75CB5CA3-58C1-4066-81F2-50BC32925670}.Release|Any CPU.ActiveCfg = Release|Any CPU
		{75CB5CA3-58C1-4066-81F2-50BC32925670}.Release|Any CPU.Build.0 = Release|Any CPU
		{75CB5CA3-58C1-4066-81F2-50BC32925670}.Release|Mixed Platforms.ActiveCfg = Release|Any CPU
		{75CB5CA3-58C1-4066-81F2-50BC32925670}.Release|Mixed Platforms.Build.0 = Release|Any CPU
		{75CB5CA3-58C1-4066-81F2-50BC32925670}.Release|x86.ActiveCfg = Release|Any CPU
		{85DC8A9F-C686-40B4-AB33-A8A3A1F4976D}.Debug|Any CPU.ActiveCfg = Debug|Any CPU
		{85DC8A9F-C686-40B4-AB33-A8A3A1F4976D}.Debug|Any CPU.Build.0 = Debug|Any CPU
		{85DC8A9F-C686-40B4-AB33-A8A3A1F4976D}.Debug|Mixed Platforms.ActiveCfg = Debug|Any CPU
		{85DC8A9F-C686-40B4-AB33-A8A3A1F4976D}.Debug|Mixed Platforms.Build.0 = Debug|Any CPU
		{85DC8A9F-C686-40B4-AB33-A8A3A1F4976D}.Debug|x86.ActiveCfg = Debug|Any CPU
		{85DC8A9F-C686-40B4-AB33-A8A3A1F4976D}.Release|Any CPU.ActiveCfg = Release|Any CPU
		{85DC8A9F-C686-40B4-AB33-A8A3A1F4976D}.Release|Any CPU.Build.0 = Release|Any CPU
		{85DC8A9F-C686-40B4-AB33-A8A3A1F4976D}.Release|Mixed Platforms.ActiveCfg = Release|Any CPU
		{85DC8A9F-C686-40B4-AB33-A8A3A1F4976D}.Release|Mixed Platforms.Build.0 = Release|Any CPU
		{85DC8A9F-C686-40B4-AB33-A8A3A1F4976D}.Release|x86.ActiveCfg = Release|Any CPU
		{75384AC5-EFD4-4CAE-9969-A11A660C9C3A}.Debug|Any CPU.ActiveCfg = Debug|Any CPU
		{75384AC5-EFD4-4CAE-9969-A11A660C9C3A}.Debug|Any CPU.Build.0 = Debug|Any CPU
		{75384AC5-EFD4-4CAE-9969-A11A660C9C3A}.Debug|Mixed Platforms.ActiveCfg = Debug|Any CPU
		{75384AC5-EFD4-4CAE-9969-A11A660C9C3A}.Debug|Mixed Platforms.Build.0 = Debug|Any CPU
		{75384AC5-EFD4-4CAE-9969-A11A660C9C3A}.Debug|x86.ActiveCfg = Debug|Any CPU
		{75384AC5-EFD4-4CAE-9969-A11A660C9C3A}.Release|Any CPU.ActiveCfg = Release|Any CPU
		{75384AC5-EFD4-4CAE-9969-A11A660C9C3A}.Release|Any CPU.Build.0 = Release|Any CPU
		{75384AC5-EFD4-4CAE-9969-A11A660C9C3A}.Release|Mixed Platforms.ActiveCfg = Release|Any CPU
		{75384AC5-EFD4-4CAE-9969-A11A660C9C3A}.Release|Mixed Platforms.Build.0 = Release|Any CPU
		{75384AC5-EFD4-4CAE-9969-A11A660C9C3A}.Release|x86.ActiveCfg = Release|Any CPU
		{20EACC61-173D-4D4D-A6BB-EA7F5C631AD7}.Debug|Any CPU.ActiveCfg = Debug|Any CPU
		{20EACC61-173D-4D4D-A6BB-EA7F5C631AD7}.Debug|Any CPU.Build.0 = Debug|Any CPU
		{20EACC61-173D-4D4D-A6BB-EA7F5C631AD7}.Debug|Mixed Platforms.ActiveCfg = Debug|Any CPU
		{20EACC61-173D-4D4D-A6BB-EA7F5C631AD7}.Debug|Mixed Platforms.Build.0 = Debug|Any CPU
		{20EACC61-173D-4D4D-A6BB-EA7F5C631AD7}.Debug|x86.ActiveCfg = Debug|Any CPU
		{20EACC61-173D-4D4D-A6BB-EA7F5C631AD7}.Release|Any CPU.ActiveCfg = Release|Any CPU
		{20EACC61-173D-4D4D-A6BB-EA7F5C631AD7}.Release|Any CPU.Build.0 = Release|Any CPU
		{20EACC61-173D-4D4D-A6BB-EA7F5C631AD7}.Release|Mixed Platforms.ActiveCfg = Release|Any CPU
		{20EACC61-173D-4D4D-A6BB-EA7F5C631AD7}.Release|Mixed Platforms.Build.0 = Release|Any CPU
		{20EACC61-173D-4D4D-A6BB-EA7F5C631AD7}.Release|x86.ActiveCfg = Release|Any CPU
		{77DC4033-3DB5-4A90-B490-A6180CC64E44}.Debug|Any CPU.ActiveCfg = Debug|Any CPU
		{77DC4033-3DB5-4A90-B490-A6180CC64E44}.Debug|Any CPU.Build.0 = Debug|Any CPU
		{77DC4033-3DB5-4A90-B490-A6180CC64E44}.Debug|Mixed Platforms.ActiveCfg = Debug|Any CPU
		{77DC4033-3DB5-4A90-B490-A6180CC64E44}.Debug|Mixed Platforms.Build.0 = Debug|Any CPU
		{77DC4033-3DB5-4A90-B490-A6180CC64E44}.Debug|x86.ActiveCfg = Debug|Any CPU
		{77DC4033-3DB5-4A90-B490-A6180CC64E44}.Release|Any CPU.ActiveCfg = Release|Any CPU
		{77DC4033-3DB5-4A90-B490-A6180CC64E44}.Release|Any CPU.Build.0 = Release|Any CPU
		{77DC4033-3DB5-4A90-B490-A6180CC64E44}.Release|Mixed Platforms.ActiveCfg = Release|Any CPU
		{77DC4033-3DB5-4A90-B490-A6180CC64E44}.Release|Mixed Platforms.Build.0 = Release|Any CPU
		{77DC4033-3DB5-4A90-B490-A6180CC64E44}.Release|x86.ActiveCfg = Release|Any CPU
		{AE8ED766-27DA-4992-8F96-ADF20AEF932E}.Debug|Any CPU.ActiveCfg = Debug|Any CPU
		{AE8ED766-27DA-4992-8F96-ADF20AEF932E}.Debug|Any CPU.Build.0 = Debug|Any CPU
		{AE8ED766-27DA-4992-8F96-ADF20AEF932E}.Debug|Mixed Platforms.ActiveCfg = Debug|Any CPU
		{AE8ED766-27DA-4992-8F96-ADF20AEF932E}.Debug|Mixed Platforms.Build.0 = Debug|Any CPU
		{AE8ED766-27DA-4992-8F96-ADF20AEF932E}.Debug|x86.ActiveCfg = Debug|Any CPU
		{AE8ED766-27DA-4992-8F96-ADF20AEF932E}.Release|Any CPU.ActiveCfg = Release|Any CPU
		{AE8ED766-27DA-4992-8F96-ADF20AEF932E}.Release|Any CPU.Build.0 = Release|Any CPU
		{AE8ED766-27DA-4992-8F96-ADF20AEF932E}.Release|Mixed Platforms.ActiveCfg = Release|Any CPU
		{AE8ED766-27DA-4992-8F96-ADF20AEF932E}.Release|Mixed Platforms.Build.0 = Release|Any CPU
		{AE8ED766-27DA-4992-8F96-ADF20AEF932E}.Release|x86.ActiveCfg = Release|Any CPU
		{2DCAB1F9-D0AB-444F-8CEE-25712DC9ACCC}.Debug|Any CPU.ActiveCfg = Debug|Any CPU
		{2DCAB1F9-D0AB-444F-8CEE-25712DC9ACCC}.Debug|Any CPU.Build.0 = Debug|Any CPU
		{2DCAB1F9-D0AB-444F-8CEE-25712DC9ACCC}.Debug|Mixed Platforms.ActiveCfg = Debug|Any CPU
		{2DCAB1F9-D0AB-444F-8CEE-25712DC9ACCC}.Debug|Mixed Platforms.Build.0 = Debug|Any CPU
		{2DCAB1F9-D0AB-444F-8CEE-25712DC9ACCC}.Debug|x86.ActiveCfg = Debug|Any CPU
		{2DCAB1F9-D0AB-444F-8CEE-25712DC9ACCC}.Release|Any CPU.ActiveCfg = Release|Any CPU
		{2DCAB1F9-D0AB-444F-8CEE-25712DC9ACCC}.Release|Any CPU.Build.0 = Release|Any CPU
		{2DCAB1F9-D0AB-444F-8CEE-25712DC9ACCC}.Release|Mixed Platforms.ActiveCfg = Release|Any CPU
		{2DCAB1F9-D0AB-444F-8CEE-25712DC9ACCC}.Release|Mixed Platforms.Build.0 = Release|Any CPU
		{2DCAB1F9-D0AB-444F-8CEE-25712DC9ACCC}.Release|x86.ActiveCfg = Release|Any CPU
		{8636DFFC-CDE2-4F52-9C86-1BDF55493283}.Debug|Any CPU.ActiveCfg = Debug|Any CPU
		{8636DFFC-CDE2-4F52-9C86-1BDF55493283}.Debug|Any CPU.Build.0 = Debug|Any CPU
		{8636DFFC-CDE2-4F52-9C86-1BDF55493283}.Debug|Mixed Platforms.ActiveCfg = Debug|Any CPU
		{8636DFFC-CDE2-4F52-9C86-1BDF55493283}.Debug|Mixed Platforms.Build.0 = Debug|Any CPU
		{8636DFFC-CDE2-4F52-9C86-1BDF55493283}.Debug|x86.ActiveCfg = Debug|Any CPU
		{8636DFFC-CDE2-4F52-9C86-1BDF55493283}.Release|Any CPU.ActiveCfg = Release|Any CPU
		{8636DFFC-CDE2-4F52-9C86-1BDF55493283}.Release|Any CPU.Build.0 = Release|Any CPU
		{8636DFFC-CDE2-4F52-9C86-1BDF55493283}.Release|Mixed Platforms.ActiveCfg = Release|Any CPU
		{8636DFFC-CDE2-4F52-9C86-1BDF55493283}.Release|Mixed Platforms.Build.0 = Release|Any CPU
		{8636DFFC-CDE2-4F52-9C86-1BDF55493283}.Release|x86.ActiveCfg = Release|Any CPU
		{51F21956-14AE-4ABE-AED0-326A1DED55F0}.Debug|Any CPU.ActiveCfg = Debug|Any CPU
		{51F21956-14AE-4ABE-AED0-326A1DED55F0}.Debug|Any CPU.Build.0 = Debug|Any CPU
		{51F21956-14AE-4ABE-AED0-326A1DED55F0}.Debug|Mixed Platforms.ActiveCfg = Debug|Any CPU
		{51F21956-14AE-4ABE-AED0-326A1DED55F0}.Debug|Mixed Platforms.Build.0 = Debug|Any CPU
		{51F21956-14AE-4ABE-AED0-326A1DED55F0}.Debug|x86.ActiveCfg = Debug|Any CPU
		{51F21956-14AE-4ABE-AED0-326A1DED55F0}.Release|Any CPU.ActiveCfg = Release|Any CPU
		{51F21956-14AE-4ABE-AED0-326A1DED55F0}.Release|Any CPU.Build.0 = Release|Any CPU
		{51F21956-14AE-4ABE-AED0-326A1DED55F0}.Release|Mixed Platforms.ActiveCfg = Release|Any CPU
		{51F21956-14AE-4ABE-AED0-326A1DED55F0}.Release|Mixed Platforms.Build.0 = Release|Any CPU
		{51F21956-14AE-4ABE-AED0-326A1DED55F0}.Release|x86.ActiveCfg = Release|Any CPU
		{A67C2E42-BC1D-44D2-8600-21F37434D6B7}.Debug|Any CPU.ActiveCfg = Debug|Any CPU
		{A67C2E42-BC1D-44D2-8600-21F37434D6B7}.Debug|Any CPU.Build.0 = Debug|Any CPU
		{A67C2E42-BC1D-44D2-8600-21F37434D6B7}.Debug|Mixed Platforms.ActiveCfg = Debug|Any CPU
		{A67C2E42-BC1D-44D2-8600-21F37434D6B7}.Debug|Mixed Platforms.Build.0 = Debug|Any CPU
		{A67C2E42-BC1D-44D2-8600-21F37434D6B7}.Debug|x86.ActiveCfg = Debug|Any CPU
		{A67C2E42-BC1D-44D2-8600-21F37434D6B7}.Release|Any CPU.ActiveCfg = Release|Any CPU
		{A67C2E42-BC1D-44D2-8600-21F37434D6B7}.Release|Any CPU.Build.0 = Release|Any CPU
		{A67C2E42-BC1D-44D2-8600-21F37434D6B7}.Release|Mixed Platforms.ActiveCfg = Release|Any CPU
		{A67C2E42-BC1D-44D2-8600-21F37434D6B7}.Release|Mixed Platforms.Build.0 = Release|Any CPU
		{A67C2E42-BC1D-44D2-8600-21F37434D6B7}.Release|x86.ActiveCfg = Release|Any CPU
		{BB3F6552-5CA5-405B-BEC2-EACA7AF7A33D}.Debug|Any CPU.ActiveCfg = Debug|Any CPU
		{BB3F6552-5CA5-405B-BEC2-EACA7AF7A33D}.Debug|Any CPU.Build.0 = Debug|Any CPU
		{BB3F6552-5CA5-405B-BEC2-EACA7AF7A33D}.Debug|Mixed Platforms.ActiveCfg = Debug|Any CPU
		{BB3F6552-5CA5-405B-BEC2-EACA7AF7A33D}.Debug|Mixed Platforms.Build.0 = Debug|Any CPU
		{BB3F6552-5CA5-405B-BEC2-EACA7AF7A33D}.Debug|x86.ActiveCfg = Debug|Any CPU
		{BB3F6552-5CA5-405B-BEC2-EACA7AF7A33D}.Release|Any CPU.ActiveCfg = Release|Any CPU
		{BB3F6552-5CA5-405B-BEC2-EACA7AF7A33D}.Release|Any CPU.Build.0 = Release|Any CPU
		{BB3F6552-5CA5-405B-BEC2-EACA7AF7A33D}.Release|Mixed Platforms.ActiveCfg = Release|Any CPU
		{BB3F6552-5CA5-405B-BEC2-EACA7AF7A33D}.Release|Mixed Platforms.Build.0 = Release|Any CPU
		{BB3F6552-5CA5-405B-BEC2-EACA7AF7A33D}.Release|x86.ActiveCfg = Release|Any CPU
		{A764E4AE-7507-43AB-9C84-3CA599889CA6}.Debug|Any CPU.ActiveCfg = Debug|Any CPU
		{A764E4AE-7507-43AB-9C84-3CA599889CA6}.Debug|Any CPU.Build.0 = Debug|Any CPU
		{A764E4AE-7507-43AB-9C84-3CA599889CA6}.Debug|Mixed Platforms.ActiveCfg = Debug|Any CPU
		{A764E4AE-7507-43AB-9C84-3CA599889CA6}.Debug|Mixed Platforms.Build.0 = Debug|Any CPU
		{A764E4AE-7507-43AB-9C84-3CA599889CA6}.Debug|x86.ActiveCfg = Debug|Any CPU
		{A764E4AE-7507-43AB-9C84-3CA599889CA6}.Release|Any CPU.ActiveCfg = Release|Any CPU
		{A764E4AE-7507-43AB-9C84-3CA599889CA6}.Release|Any CPU.Build.0 = Release|Any CPU
		{A764E4AE-7507-43AB-9C84-3CA599889CA6}.Release|Mixed Platforms.ActiveCfg = Release|Any CPU
		{A764E4AE-7507-43AB-9C84-3CA599889CA6}.Release|Mixed Platforms.Build.0 = Release|Any CPU
		{A764E4AE-7507-43AB-9C84-3CA599889CA6}.Release|x86.ActiveCfg = Release|Any CPU
	EndGlobalSection
	GlobalSection(SolutionProperties) = preSolution
		HideSolutionNode = FALSE
	EndGlobalSection
	GlobalSection(NestedProjects) = preSolution
		{EDF3387C-EF7F-4A8A-BA24-AD7F919E7882} = {942DBEE7-0E20-48CE-8B7E-5975D425813B}
		{C86BB86A-7267-4607-BD93-94A2AC6CE1B5} = {942DBEE7-0E20-48CE-8B7E-5975D425813B}
		{4D40B31E-3239-4671-8017-9CDA7E98C227} = {942DBEE7-0E20-48CE-8B7E-5975D425813B}
		{75CB5CA3-58C1-4066-81F2-50BC32925670} = {942DBEE7-0E20-48CE-8B7E-5975D425813B}
		{85DC8A9F-C686-40B4-AB33-A8A3A1F4976D} = {942DBEE7-0E20-48CE-8B7E-5975D425813B}
		{75384AC5-EFD4-4CAE-9969-A11A660C9C3A} = {942DBEE7-0E20-48CE-8B7E-5975D425813B}
		{20EACC61-173D-4D4D-A6BB-EA7F5C631AD7} = {942DBEE7-0E20-48CE-8B7E-5975D425813B}
		{77DC4033-3DB5-4A90-B490-A6180CC64E44} = {A034FE4B-F280-4572-8ED1-77843DE8BD27}
		{AE8ED766-27DA-4992-8F96-ADF20AEF932E} = {A034FE4B-F280-4572-8ED1-77843DE8BD27}
		{2DCAB1F9-D0AB-444F-8CEE-25712DC9ACCC} = {A034FE4B-F280-4572-8ED1-77843DE8BD27}
		{8636DFFC-CDE2-4F52-9C86-1BDF55493283} = {CF28AAA7-3156-4F3E-89D5-500DD6ADA06B}
		{A764E4AE-7507-43AB-9C84-3CA599889CA6} = {CF28AAA7-3156-4F3E-89D5-500DD6ADA06B}
		{A67C2E42-BC1D-44D2-8600-21F37434D6B7} = {16356811-0F37-4234-8BF0-2C37D48721F8}
		{BB3F6552-5CA5-405B-BEC2-EACA7AF7A33D} = {16356811-0F37-4234-8BF0-2C37D48721F8}
		{51F21956-14AE-4ABE-AED0-326A1DED55F0} = {14A1EF1F-7193-4154-AF7D-F27C100E7460}
	EndGlobalSection
EndGlobal
